// !$*UTF8*$!
{
	archiveVersion = 1;
	classes = {
	};
	objectVersion = 46;
	objects = {

/* Begin PBXBuildFile section */
		F43F00621D3E9D87000CA689 /* AppDelegate.swift in Sources */ = {isa = PBXBuildFile; fileRef = F43F00611D3E9D87000CA689 /* AppDelegate.swift */; };
		F43F00641D3E9D87000CA689 /* ViewController.swift in Sources */ = {isa = PBXBuildFile; fileRef = F43F00631D3E9D87000CA689 /* ViewController.swift */; };
		F43F00671D3E9D87000CA689 /* Main.storyboard in Resources */ = {isa = PBXBuildFile; fileRef = F43F00651D3E9D87000CA689 /* Main.storyboard */; };
		F43F00691D3E9D87000CA689 /* Assets.xcassets in Resources */ = {isa = PBXBuildFile; fileRef = F43F00681D3E9D87000CA689 /* Assets.xcassets */; };
		F43F006C1D3E9D87000CA689 /* LaunchScreen.storyboard in Resources */ = {isa = PBXBuildFile; fileRef = F43F006A1D3E9D87000CA689 /* LaunchScreen.storyboard */; };
/* End PBXBuildFile section */

/* Begin PBXFileReference section */
		F43F005E1D3E9D87000CA689 /* PokeGoDex.app */ = {isa = PBXFileReference; explicitFileType = wrapper.application; includeInIndex = 0; path = PokeGoDex.app; sourceTree = BUILT_PRODUCTS_DIR; };
		F43F00611D3E9D87000CA689 /* AppDelegate.swift */ = {isa = PBXFileReference; lastKnownFileType = sourcecode.swift; path = AppDelegate.swift; sourceTree = "<group>"; };
		F43F00631D3E9D87000CA689 /* ViewController.swift */ = {isa = PBXFileReference; lastKnownFileType = sourcecode.swift; path = ViewController.swift; sourceTree = "<group>"; };
		F43F00661D3E9D87000CA689 /* Base */ = {isa = PBXFileReference; lastKnownFileType = file.storyboard; name = Base; path = Base.lproj/Main.storyboard; sourceTree = "<group>"; };
		F43F00681D3E9D87000CA689 /* Assets.xcassets */ = {isa = PBXFileReference; lastKnownFileType = folder.assetcatalog; path = Assets.xcassets; sourceTree = "<group>"; };
		F43F006B1D3E9D87000CA689 /* Base */ = {isa = PBXFileReference; lastKnownFileType = file.storyboard; name = Base; path = Base.lproj/LaunchScreen.storyboard; sourceTree = "<group>"; };
		F43F006D1D3E9D87000CA689 /* Info.plist */ = {isa = PBXFileReference; lastKnownFileType = text.plist.xml; path = Info.plist; sourceTree = "<group>"; };
/* End PBXFileReference section */

/* Begin PBXFrameworksBuildPhase section */
		F43F005B1D3E9D87000CA689 /* Frameworks */ = {
			isa = PBXFrameworksBuildPhase;
			buildActionMask = 2147483647;
			files = (
			);
			runOnlyForDeploymentPostprocessing = 0;
		};
/* End PBXFrameworksBuildPhase section */

/* Begin PBXGroup section */
		F43F00551D3E9D87000CA689 = {
			isa = PBXGroup;
			children = (
				F43F00601D3E9D87000CA689 /* PokeGoDex */,
				F43F005F1D3E9D87000CA689 /* Products */,
			);
			sourceTree = "<group>";
		};
		F43F005F1D3E9D87000CA689 /* Products */ = {
			isa = PBXGroup;
			children = (
				F43F005E1D3E9D87000CA689 /* PokeGoDex.app */,
			);
			name = Products;
			sourceTree = "<group>";
		};
		F43F00601D3E9D87000CA689 /* PokeGoDex */ = {
			isa = PBXGroup;
			children = (
				F43F00611D3E9D87000CA689 /* AppDelegate.swift */,
				F43F00631D3E9D87000CA689 /* ViewController.swift */,
				F43F00651D3E9D87000CA689 /* Main.storyboard */,
				F43F00681D3E9D87000CA689 /* Assets.xcassets */,
				F43F006A1D3E9D87000CA689 /* LaunchScreen.storyboard */,
				F43F006D1D3E9D87000CA689 /* Info.plist */,
			);
			path = PokeGoDex;
			sourceTree = "<group>";
		};
/* End PBXGroup section */

/* Begin PBXNativeTarget section */
		F43F005D1D3E9D87000CA689 /* PokeGoDex */ = {
			isa = PBXNativeTarget;
			buildConfigurationList = F43F00701D3E9D87000CA689 /* Build configuration list for PBXNativeTarget "PokeGoDex" */;
			buildPhases = (
				F43F005A1D3E9D87000CA689 /* Sources */,
				F43F005B1D3E9D87000CA689 /* Frameworks */,
				F43F005C1D3E9D87000CA689 /* Resources */,
			);
			buildRules = (
			);
			dependencies = (
			);
			name = PokeGoDex;
			productName = PokeGoDex;
			productReference = F43F005E1D3E9D87000CA689 /* PokeGoDex.app */;
			productType = "com.apple.product-type.application";
		};
/* End PBXNativeTarget section */

/* Begin PBXProject section */
		F43F00561D3E9D87000CA689 /* Project object */ = {
			isa = PBXProject;
			attributes = {
				LastSwiftUpdateCheck = 0730;
				LastUpgradeCheck = 0730;
				ORGANIZATIONNAME = "Pamela Brauchle";
				TargetAttributes = {
					F43F005D1D3E9D87000CA689 = {
						CreatedOnToolsVersion = 7.3;
					};
				};
			};
			buildConfigurationList = F43F00591D3E9D87000CA689 /* Build configuration list for PBXProject "PokeGoDex" */;
			compatibilityVersion = "Xcode 3.2";
			developmentRegion = English;
			hasScannedForEncodings = 0;
			knownRegions = (
				en,
				Base,
			);
			mainGroup = F43F00551D3E9D87000CA689;
			productRefGroup = F43F005F1D3E9D87000CA689 /* Products */;
			projectDirPath = "";
			projectRoot = "";
			targets = (
				F43F005D1D3E9D87000CA689 /* PokeGoDex */,
			);
		};
/* End PBXProject section */

/* Begin PBXResourcesBuildPhase section */
		F43F005C1D3E9D87000CA689 /* Resources */ = {
			isa = PBXResourcesBuildPhase;
			buildActionMask = 2147483647;
			files = (
				F43F006C1D3E9D87000CA689 /* LaunchScreen.storyboard in Resources */,
				F43F00691D3E9D87000CA689 /* Assets.xcassets in Resources */,
				F43F00671D3E9D87000CA689 /* Main.storyboard in Resources */,
			);
			runOnlyForDeploymentPostprocessing = 0;
		};
/* End PBXResourcesBuildPhase section */

/* Begin PBXSourcesBuildPhase section */
		F43F005A1D3E9D87000CA689 /* Sources */ = {
			isa = PBXSourcesBuildPhase;
			buildActionMask = 2147483647;
			files = (
				F43F00641D3E9D87000CA689 /* ViewController.swift in Sources */,
				F43F00621D3E9D87000CA689 /* AppDelegate.swift in Sources */,
			);
			runOnlyForDeploymentPostprocessing = 0;
		};
/* End PBXSourcesBuildPhase section */

/* Begin PBXVariantGroup section */
		F43F00651D3E9D87000CA689 /* Main.storyboard */ = {
			isa = PBXVariantGroup;
			children = (
				F43F00661D3E9D87000CA689 /* Base */,
			);
			name = Main.storyboard;
			sourceTree = "<group>";
		};
		F43F006A1D3E9D87000CA689 /* LaunchScreen.storyboard */ = {
			isa = PBXVariantGroup;
			children = (
				F43F006B1D3E9D87000CA689 /* Base */,
			);
			name = LaunchScreen.storyboard;
			sourceTree = "<group>";
		};
/* End PBXVariantGroup section */

/* Begin XCBuildConfiguration section */
		F43F006E1D3E9D87000CA689 /* Debug */ = {
			isa = XCBuildConfiguration;
			buildSettings = {
				ALWAYS_SEARCH_USER_PATHS = NO;
				CLANG_ANALYZER_NONNULL = YES;
				CLANG_CXX_LANGUAGE_STANDARD = "gnu++0x";
				CLANG_CXX_LIBRARY = "libc++";
				CLANG_ENABLE_MODULES = YES;
				CLANG_ENABLE_OBJC_ARC = YES;
				CLANG_WARN_BOOL_CONVERSION = YES;
				CLANG_WARN_CONSTANT_CONVERSION = YES;
				CLANG_WARN_DIRECT_OBJC_ISA_USAGE = YES_ERROR;
				CLANG_WARN_EMPTY_BODY = YES;
				CLANG_WARN_ENUM_CONVERSION = YES;
				CLANG_WARN_INT_CONVERSION = YES;
				CLANG_WARN_OBJC_ROOT_CLASS = YES_ERROR;
				CLANG_WARN_UNREACHABLE_CODE = YES;
				CLANG_WARN__DUPLICATE_METHOD_MATCH = YES;
				"CODE_SIGN_IDENTITY[sdk=iphoneos*]" = "iPhone Developer";
				COPY_PHASE_STRIP = NO;
				DEBUG_INFORMATION_FORMAT = dwarf;
				ENABLE_STRICT_OBJC_MSGSEND = YES;
				ENABLE_TESTABILITY = YES;
				GCC_C_LANGUAGE_STANDARD = gnu99;
				GCC_DYNAMIC_NO_PIC = NO;
				GCC_NO_COMMON_BLOCKS = YES;
				GCC_OPTIMIZATION_LEVEL = 0;
				GCC_PREPROCESSOR_DEFINITIONS = (
					"DEBUG=1",
					"$(inherited)",
				);
				GCC_WARN_64_TO_32_BIT_CONVERSION = YES;
				GCC_WARN_ABOUT_RETURN_TYPE = YES_ERROR;
				GCC_WARN_UNDECLARED_SELECTOR = YES;
				GCC_WARN_UNINITIALIZED_AUTOS = YES_AGGRESSIVE;
				GCC_WARN_UNUSED_FUNCTION = YES;
				GCC_WARN_UNUSED_VARIABLE = YES;
				IPHONEOS_DEPLOYMENT_TARGET = 9.3;
				MTL_ENABLE_DEBUG_INFO = YES;
				ONLY_ACTIVE_ARCH = YES;
				SDKROOT = iphoneos;
				SWIFT_OPTIMIZATION_LEVEL = "-Onone";
			};
			name = Debug;
		};
		F43F006F1D3E9D87000CA689 /* Release */ = {
			isa = XCBuildConfiguration;
			buildSettings = {
				ALWAYS_SEARCH_USER_PATHS = NO;
				CLANG_ANALYZER_NONNULL = YES;
				CLANG_CXX_LANGUAGE_STANDARD = "gnu++0x";
				CLANG_CXX_LIBRARY = "libc++";
				CLANG_ENABLE_MODULES = YES;
				CLANG_ENABLE_OBJC_ARC = YES;
				CLANG_WARN_BOOL_CONVERSION = YES;
				CLANG_WARN_CONSTANT_CONVERSION = YES;
				CLANG_WARN_DIRECT_OBJC_ISA_USAGE = YES_ERROR;
				CLANG_WARN_EMPTY_BODY = YES;
				CLANG_WARN_ENUM_CONVERSION = YES;
				CLANG_WARN_INT_CONVERSION = YES;
				CLANG_WARN_OBJC_ROOT_CLASS = YES_ERROR;
				CLANG_WARN_UNREACHABLE_CODE = YES;
				CLANG_WARN__DUPLICATE_METHOD_MATCH = YES;
				"CODE_SIGN_IDENTITY[sdk=iphoneos*]" = "iPhone Developer";
				COPY_PHASE_STRIP = NO;
				DEBUG_INFORMATION_FORMAT = "dwarf-with-dsym";
				ENABLE_NS_ASSERTIONS = NO;
				ENABLE_STRICT_OBJC_MSGSEND = YES;
				GCC_C_LANGUAGE_STANDARD = gnu99;
				GCC_NO_COMMON_BLOCKS = YES;
				GCC_WARN_64_TO_32_BIT_CONVERSION = YES;
				GCC_WARN_ABOUT_RETURN_TYPE = YES_ERROR;
				GCC_WARN_UNDECLARED_SELECTOR = YES;
				GCC_WARN_UNINITIALIZED_AUTOS = YES_AGGRESSIVE;
				GCC_WARN_UNUSED_FUNCTION = YES;
				GCC_WARN_UNUSED_VARIABLE = YES;
				IPHONEOS_DEPLOYMENT_TARGET = 9.3;
				MTL_ENABLE_DEBUG_INFO = NO;
				SDKROOT = iphoneos;
				VALIDATE_PRODUCT = YES;
			};
			name = Release;
		};
		F43F00711D3E9D87000CA689 /* Debug */ = {
			isa = XCBuildConfiguration;
			buildSettings = {
				ASSETCATALOG_COMPILER_APPICON_NAME = AppIcon;
				INFOPLIST_FILE = PokeGoDex/Info.plist;
				LD_RUNPATH_SEARCH_PATHS = "$(inherited) @executable_path/Frameworks";
				PRODUCT_BUNDLE_IDENTIFIER = ARCO.PokeGoDex;
				PRODUCT_NAME = "$(TARGET_NAME)";
			};
			name = Debug;
		};
		F43F00721D3E9D87000CA689 /* Release */ = {
			isa = XCBuildConfiguration;
			buildSettings = {
				ASSETCATALOG_COMPILER_APPICON_NAME = AppIcon;
				INFOPLIST_FILE = PokeGoDex/Info.plist;
				LD_RUNPATH_SEARCH_PATHS = "$(inherited) @executable_path/Frameworks";
				PRODUCT_BUNDLE_IDENTIFIER = ARCO.PokeGoDex;
				PRODUCT_NAME = "$(TARGET_NAME)";
			};
			name = Release;
		};
/* End XCBuildConfiguration section */

/* Begin XCConfigurationList section */
		F43F00591D3E9D87000CA689 /* Build configuration list for PBXProject "PokeGoDex" */ = {
			isa = XCConfigurationList;
			buildConfigurations = (
				F43F006E1D3E9D87000CA689 /* Debug */,
				F43F006F1D3E9D87000CA689 /* Release */,
			);
			defaultConfigurationIsVisible = 0;
			defaultConfigurationName = Release;
		};
		F43F00701D3E9D87000CA689 /* Build configuration list for PBXNativeTarget "PokeGoDex" */ = {
			isa = XCConfigurationList;
			buildConfigurations = (
				F43F00711D3E9D87000CA689 /* Debug */,
				F43F00721D3E9D87000CA689 /* Release */,
			);
			defaultConfigurationIsVisible = 0;
		};
/* End XCConfigurationList section */
	};
	rootObject = F43F00561D3E9D87000CA689 /* Project object */;
}
